# This file is generated by running "yarn install" inside your project.
# Manual changes might be lost - proceed with caution!

__metadata:
  version: 8
  cacheKey: 10c0

"eslint-plugin-jsk-rules@workspace:.":
  version: 0.0.0-use.local
  resolution: "eslint-plugin-jsk-rules@workspace:."
  peerDependencies:
    "@typescript-eslint/eslint-plugin": "*"
    "@typescript-eslint/parser": "*"
    eslint: "*"
    eslint-plugin-react: "*"
    eslint-plugin-react-hooks: "*"
  languageName: unknown
  linkType: soft
